// !$*UTF8*$!
{
	archiveVersion = 1;
	classes = {
	};
	objectVersion = 56;
	objects = {

/* Begin PBXBuildFile section */
		6BB4152E2ACA9EC5000DA232 /* AppDelegate.swift in Sources */ = {isa = PBXBuildFile; fileRef = 6BB4152D2ACA9EC5000DA232 /* AppDelegate.swift */; };
		6BB415302ACA9EC5000DA232 /* SceneDelegate.swift in Sources */ = {isa = PBXBuildFile; fileRef = 6BB4152F2ACA9EC5000DA232 /* SceneDelegate.swift */; };
		6BB415322ACA9EC5000DA232 /* MainListVC.swift in Sources */ = {isa = PBXBuildFile; fileRef = 6BB415312ACA9EC5000DA232 /* MainListVC.swift */; };
		6BB415352ACA9EC5000DA232 /* Main.storyboard in Resources */ = {isa = PBXBuildFile; fileRef = 6BB415332ACA9EC5000DA232 /* Main.storyboard */; };
		6BB415372ACA9EC7000DA232 /* Assets.xcassets in Resources */ = {isa = PBXBuildFile; fileRef = 6BB415362ACA9EC7000DA232 /* Assets.xcassets */; };
		6BB4153A2ACA9EC7000DA232 /* LaunchScreen.storyboard in Resources */ = {isa = PBXBuildFile; fileRef = 6BB415382ACA9EC7000DA232 /* LaunchScreen.storyboard */; };
		6BB415452ACA9EC8000DA232 /* Rick_MortyTests.swift in Sources */ = {isa = PBXBuildFile; fileRef = 6BB415442ACA9EC8000DA232 /* Rick_MortyTests.swift */; };
		6BB4154F2ACA9EC8000DA232 /* Rick_MortyUITests.swift in Sources */ = {isa = PBXBuildFile; fileRef = 6BB4154E2ACA9EC8000DA232 /* Rick_MortyUITests.swift */; };
		6BB415512ACA9EC8000DA232 /* Rick_MortyUITestsLaunchTests.swift in Sources */ = {isa = PBXBuildFile; fileRef = 6BB415502ACA9EC8000DA232 /* Rick_MortyUITestsLaunchTests.swift */; };
		6BB415632ACAA7FA000DA232 /* CharacterModel.swift in Sources */ = {isa = PBXBuildFile; fileRef = 6BB415622ACAA7FA000DA232 /* CharacterModel.swift */; };
		6BB415652ACAB26A000DA232 /* RequestModel.swift in Sources */ = {isa = PBXBuildFile; fileRef = 6BB415642ACAB26A000DA232 /* RequestModel.swift */; };
		6BB415682ACAB316000DA232 /* NetworkProvider.swift in Sources */ = {isa = PBXBuildFile; fileRef = 6BB415672ACAB315000DA232 /* NetworkProvider.swift */; };
		6BB4156A2ACAB3A6000DA232 /* Constant.swift in Sources */ = {isa = PBXBuildFile; fileRef = 6BB415692ACAB3A6000DA232 /* Constant.swift */; };
		6BB4156C2ACAB7AF000DA232 /* MainListPresenter.swift in Sources */ = {isa = PBXBuildFile; fileRef = 6BB4156B2ACAB7AF000DA232 /* MainListPresenter.swift */; };
		6BB4156E2ACAB7C6000DA232 /* MainListInteractor.swift in Sources */ = {isa = PBXBuildFile; fileRef = 6BB4156D2ACAB7C6000DA232 /* MainListInteractor.swift */; };
		6BB415702ACAB7FB000DA232 /* MainListWireframe.swift in Sources */ = {isa = PBXBuildFile; fileRef = 6BB4156F2ACAB7FB000DA232 /* MainListWireframe.swift */; };
		6BB415722ACAB808000DA232 /* MainListBuilder.swift in Sources */ = {isa = PBXBuildFile; fileRef = 6BB415712ACAB808000DA232 /* MainListBuilder.swift */; };
		6BB415742ACAB93E000DA232 /* MainListContract.swift in Sources */ = {isa = PBXBuildFile; fileRef = 6BB415732ACAB93E000DA232 /* MainListContract.swift */; };
		6BB415772ACAC58F000DA232 /* MainListCell.swift in Sources */ = {isa = PBXBuildFile; fileRef = 6BB415762ACAC58F000DA232 /* MainListCell.swift */; };
		6BB415792ACAC59C000DA232 /* MainListCell.xib in Resources */ = {isa = PBXBuildFile; fileRef = 6BB415782ACAC59C000DA232 /* MainListCell.xib */; };
		6BB81F362ACAFC2D00D45334 /* DetailVC.swift in Sources */ = {isa = PBXBuildFile; fileRef = 6BB81F352ACAFC2D00D45334 /* DetailVC.swift */; };
		6BB81F382ACAFC8300D45334 /* DetailVC.xib in Resources */ = {isa = PBXBuildFile; fileRef = 6BB81F372ACAFC8300D45334 /* DetailVC.xib */; };
		6BB81F3E2ACB019B00D45334 /* DetailContract.swift in Sources */ = {isa = PBXBuildFile; fileRef = 6BB81F392ACB019B00D45334 /* DetailContract.swift */; };
		6BB81F3F2ACB019B00D45334 /* DetailInteractor.swift in Sources */ = {isa = PBXBuildFile; fileRef = 6BB81F3A2ACB019B00D45334 /* DetailInteractor.swift */; };
		6BB81F402ACB019B00D45334 /* DetailBuilder.swift in Sources */ = {isa = PBXBuildFile; fileRef = 6BB81F3B2ACB019B00D45334 /* DetailBuilder.swift */; };
		6BB81F412ACB019B00D45334 /* DetailWireframe.swift in Sources */ = {isa = PBXBuildFile; fileRef = 6BB81F3C2ACB019B00D45334 /* DetailWireframe.swift */; };
		6BB81F422ACB019B00D45334 /* DetailPresenter.swift in Sources */ = {isa = PBXBuildFile; fileRef = 6BB81F3D2ACB019B00D45334 /* DetailPresenter.swift */; };
		6BB81F452ACC21C800D45334 /* SearchView.swift in Sources */ = {isa = PBXBuildFile; fileRef = 6BB81F442ACC21C800D45334 /* SearchView.swift */; };
		6BB81F472ACC21D000D45334 /* SearchView.xib in Resources */ = {isa = PBXBuildFile; fileRef = 6BB81F462ACC21D000D45334 /* SearchView.xib */; };
		6BB81F492ACC4B8500D45334 /* FilterModel.swift in Sources */ = {isa = PBXBuildFile; fileRef = 6BB81F482ACC4B8500D45334 /* FilterModel.swift */; };
		6BB81F4B2ACD67F100D45334 /* PresenterTest.swift in Sources */ = {isa = PBXBuildFile; fileRef = 6BB81F4A2ACD67F000D45334 /* PresenterTest.swift */; };
		6BB81F4E2ACD681000D45334 /* MainInteractorTest.swift in Sources */ = {isa = PBXBuildFile; fileRef = 6BB81F4D2ACD681000D45334 /* MainInteractorTest.swift */; };
		6BB81F502ACD681D00D45334 /* FavoritestTest.swift in Sources */ = {isa = PBXBuildFile; fileRef = 6BB81F4F2ACD681D00D45334 /* FavoritestTest.swift */; };
/* End PBXBuildFile section */

/* Begin PBXContainerItemProxy section */
		6BB415412ACA9EC8000DA232 /* PBXContainerItemProxy */ = {
			isa = PBXContainerItemProxy;
			containerPortal = 6BB415222ACA9EC4000DA232 /* Project object */;
			proxyType = 1;
			remoteGlobalIDString = 6BB415292ACA9EC5000DA232;
			remoteInfo = "Rick&Morty";
		};
		6BB4154B2ACA9EC8000DA232 /* PBXContainerItemProxy */ = {
			isa = PBXContainerItemProxy;
			containerPortal = 6BB415222ACA9EC4000DA232 /* Project object */;
			proxyType = 1;
			remoteGlobalIDString = 6BB415292ACA9EC5000DA232;
			remoteInfo = "Rick&Morty";
		};
/* End PBXContainerItemProxy section */

/* Begin PBXFileReference section */
		6BB4152A2ACA9EC5000DA232 /* Rick&Morty.app */ = {isa = PBXFileReference; explicitFileType = wrapper.application; includeInIndex = 0; path = "Rick&Morty.app"; sourceTree = BUILT_PRODUCTS_DIR; };
		6BB4152D2ACA9EC5000DA232 /* AppDelegate.swift */ = {isa = PBXFileReference; lastKnownFileType = sourcecode.swift; path = AppDelegate.swift; sourceTree = "<group>"; };
		6BB4152F2ACA9EC5000DA232 /* SceneDelegate.swift */ = {isa = PBXFileReference; lastKnownFileType = sourcecode.swift; path = SceneDelegate.swift; sourceTree = "<group>"; };
		6BB415312ACA9EC5000DA232 /* MainListVC.swift */ = {isa = PBXFileReference; lastKnownFileType = sourcecode.swift; path = MainListVC.swift; sourceTree = "<group>"; };
		6BB415342ACA9EC5000DA232 /* Base */ = {isa = PBXFileReference; lastKnownFileType = file.storyboard; name = Base; path = Base.lproj/Main.storyboard; sourceTree = "<group>"; };
		6BB415362ACA9EC7000DA232 /* Assets.xcassets */ = {isa = PBXFileReference; lastKnownFileType = folder.assetcatalog; path = Assets.xcassets; sourceTree = "<group>"; };
		6BB415392ACA9EC7000DA232 /* Base */ = {isa = PBXFileReference; lastKnownFileType = file.storyboard; name = Base; path = Base.lproj/LaunchScreen.storyboard; sourceTree = "<group>"; };
		6BB4153B2ACA9EC7000DA232 /* Info.plist */ = {isa = PBXFileReference; lastKnownFileType = text.plist.xml; path = Info.plist; sourceTree = "<group>"; };
		6BB415402ACA9EC8000DA232 /* Rick&MortyTests.xctest */ = {isa = PBXFileReference; explicitFileType = wrapper.cfbundle; includeInIndex = 0; path = "Rick&MortyTests.xctest"; sourceTree = BUILT_PRODUCTS_DIR; };
		6BB415442ACA9EC8000DA232 /* Rick_MortyTests.swift */ = {isa = PBXFileReference; lastKnownFileType = sourcecode.swift; path = Rick_MortyTests.swift; sourceTree = "<group>"; };
		6BB4154A2ACA9EC8000DA232 /* Rick&MortyUITests.xctest */ = {isa = PBXFileReference; explicitFileType = wrapper.cfbundle; includeInIndex = 0; path = "Rick&MortyUITests.xctest"; sourceTree = BUILT_PRODUCTS_DIR; };
		6BB4154E2ACA9EC8000DA232 /* Rick_MortyUITests.swift */ = {isa = PBXFileReference; lastKnownFileType = sourcecode.swift; path = Rick_MortyUITests.swift; sourceTree = "<group>"; };
		6BB415502ACA9EC8000DA232 /* Rick_MortyUITestsLaunchTests.swift */ = {isa = PBXFileReference; lastKnownFileType = sourcecode.swift; path = Rick_MortyUITestsLaunchTests.swift; sourceTree = "<group>"; };
		6BB415622ACAA7FA000DA232 /* CharacterModel.swift */ = {isa = PBXFileReference; lastKnownFileType = sourcecode.swift; path = CharacterModel.swift; sourceTree = "<group>"; };
		6BB415642ACAB26A000DA232 /* RequestModel.swift */ = {isa = PBXFileReference; lastKnownFileType = sourcecode.swift; path = RequestModel.swift; sourceTree = "<group>"; };
		6BB415672ACAB315000DA232 /* NetworkProvider.swift */ = {isa = PBXFileReference; lastKnownFileType = sourcecode.swift; path = NetworkProvider.swift; sourceTree = "<group>"; };
		6BB415692ACAB3A6000DA232 /* Constant.swift */ = {isa = PBXFileReference; lastKnownFileType = sourcecode.swift; path = Constant.swift; sourceTree = "<group>"; };
		6BB4156B2ACAB7AF000DA232 /* MainListPresenter.swift */ = {isa = PBXFileReference; lastKnownFileType = sourcecode.swift; path = MainListPresenter.swift; sourceTree = "<group>"; };
		6BB4156D2ACAB7C6000DA232 /* MainListInteractor.swift */ = {isa = PBXFileReference; lastKnownFileType = sourcecode.swift; path = MainListInteractor.swift; sourceTree = "<group>"; };
		6BB4156F2ACAB7FB000DA232 /* MainListWireframe.swift */ = {isa = PBXFileReference; lastKnownFileType = sourcecode.swift; path = MainListWireframe.swift; sourceTree = "<group>"; };
		6BB415712ACAB808000DA232 /* MainListBuilder.swift */ = {isa = PBXFileReference; lastKnownFileType = sourcecode.swift; path = MainListBuilder.swift; sourceTree = "<group>"; };
		6BB415732ACAB93E000DA232 /* MainListContract.swift */ = {isa = PBXFileReference; lastKnownFileType = sourcecode.swift; path = MainListContract.swift; sourceTree = "<group>"; };
		6BB415762ACAC58F000DA232 /* MainListCell.swift */ = {isa = PBXFileReference; lastKnownFileType = sourcecode.swift; path = MainListCell.swift; sourceTree = "<group>"; };
		6BB415782ACAC59C000DA232 /* MainListCell.xib */ = {isa = PBXFileReference; lastKnownFileType = file.xib; path = MainListCell.xib; sourceTree = "<group>"; };
		6BB81F352ACAFC2D00D45334 /* DetailVC.swift */ = {isa = PBXFileReference; lastKnownFileType = sourcecode.swift; path = DetailVC.swift; sourceTree = "<group>"; };
		6BB81F372ACAFC8300D45334 /* DetailVC.xib */ = {isa = PBXFileReference; lastKnownFileType = file.xib; path = DetailVC.xib; sourceTree = "<group>"; };
		6BB81F392ACB019B00D45334 /* DetailContract.swift */ = {isa = PBXFileReference; fileEncoding = 4; lastKnownFileType = sourcecode.swift; path = DetailContract.swift; sourceTree = "<group>"; };
		6BB81F3A2ACB019B00D45334 /* DetailInteractor.swift */ = {isa = PBXFileReference; fileEncoding = 4; lastKnownFileType = sourcecode.swift; path = DetailInteractor.swift; sourceTree = "<group>"; };
		6BB81F3B2ACB019B00D45334 /* DetailBuilder.swift */ = {isa = PBXFileReference; fileEncoding = 4; lastKnownFileType = sourcecode.swift; path = DetailBuilder.swift; sourceTree = "<group>"; };
		6BB81F3C2ACB019B00D45334 /* DetailWireframe.swift */ = {isa = PBXFileReference; fileEncoding = 4; lastKnownFileType = sourcecode.swift; path = DetailWireframe.swift; sourceTree = "<group>"; };
		6BB81F3D2ACB019B00D45334 /* DetailPresenter.swift */ = {isa = PBXFileReference; fileEncoding = 4; lastKnownFileType = sourcecode.swift; path = DetailPresenter.swift; sourceTree = "<group>"; };
		6BB81F442ACC21C800D45334 /* SearchView.swift */ = {isa = PBXFileReference; lastKnownFileType = sourcecode.swift; path = SearchView.swift; sourceTree = "<group>"; };
		6BB81F462ACC21D000D45334 /* SearchView.xib */ = {isa = PBXFileReference; lastKnownFileType = file.xib; path = SearchView.xib; sourceTree = "<group>"; };
		6BB81F482ACC4B8500D45334 /* FilterModel.swift */ = {isa = PBXFileReference; lastKnownFileType = sourcecode.swift; path = FilterModel.swift; sourceTree = "<group>"; };
		6BB81F4A2ACD67F000D45334 /* PresenterTest.swift */ = {isa = PBXFileReference; lastKnownFileType = sourcecode.swift; path = PresenterTest.swift; sourceTree = "<group>"; };
		6BB81F4D2ACD681000D45334 /* MainInteractorTest.swift */ = {isa = PBXFileReference; lastKnownFileType = sourcecode.swift; path = MainInteractorTest.swift; sourceTree = "<group>"; };
		6BB81F4F2ACD681D00D45334 /* FavoritestTest.swift */ = {isa = PBXFileReference; lastKnownFileType = sourcecode.swift; path = FavoritestTest.swift; sourceTree = "<group>"; };
/* End PBXFileReference section */

/* Begin PBXFrameworksBuildPhase section */
		6BB415272ACA9EC5000DA232 /* Frameworks */ = {
			isa = PBXFrameworksBuildPhase;
			buildActionMask = 2147483647;
			files = (
			);
			runOnlyForDeploymentPostprocessing = 0;
		};
		6BB4153D2ACA9EC8000DA232 /* Frameworks */ = {
			isa = PBXFrameworksBuildPhase;
			buildActionMask = 2147483647;
			files = (
			);
			runOnlyForDeploymentPostprocessing = 0;
		};
		6BB415472ACA9EC8000DA232 /* Frameworks */ = {
			isa = PBXFrameworksBuildPhase;
			buildActionMask = 2147483647;
			files = (
			);
			runOnlyForDeploymentPostprocessing = 0;
		};
/* End PBXFrameworksBuildPhase section */

/* Begin PBXGroup section */
		6BB415212ACA9EC4000DA232 = {
			isa = PBXGroup;
			children = (
				6BB4152C2ACA9EC5000DA232 /* Rick&Morty */,
				6BB415432ACA9EC8000DA232 /* Rick&MortyTests */,
				6BB4154D2ACA9EC8000DA232 /* Rick&MortyUITests */,
				6BB4152B2ACA9EC5000DA232 /* Products */,
			);
			sourceTree = "<group>";
		};
		6BB4152B2ACA9EC5000DA232 /* Products */ = {
			isa = PBXGroup;
			children = (
				6BB4152A2ACA9EC5000DA232 /* Rick&Morty.app */,
				6BB415402ACA9EC8000DA232 /* Rick&MortyTests.xctest */,
				6BB4154A2ACA9EC8000DA232 /* Rick&MortyUITests.xctest */,
			);
			name = Products;
			sourceTree = "<group>";
		};
		6BB4152C2ACA9EC5000DA232 /* Rick&Morty */ = {
			isa = PBXGroup;
			children = (
				6BB4152D2ACA9EC5000DA232 /* AppDelegate.swift */,
				6BB4152F2ACA9EC5000DA232 /* SceneDelegate.swift */,
				6BB415382ACA9EC7000DA232 /* LaunchScreen.storyboard */,
				6BB415612ACAA7CE000DA232 /* Models */,
				6BB4155F2ACAA7B9000DA232 /* Modules */,
				6BB415602ACAA7C7000DA232 /* Resources */,
				6BB4153B2ACA9EC7000DA232 /* Info.plist */,
			);
			path = "Rick&Morty";
			sourceTree = "<group>";
		};
		6BB415432ACA9EC8000DA232 /* Rick&MortyTests */ = {
			isa = PBXGroup;
			children = (
				6BB415442ACA9EC8000DA232 /* Rick_MortyTests.swift */,
				6BB81F4A2ACD67F000D45334 /* PresenterTest.swift */,
				6BB81F4D2ACD681000D45334 /* MainInteractorTest.swift */,
				6BB81F4F2ACD681D00D45334 /* FavoritestTest.swift */,
			);
			path = "Rick&MortyTests";
			sourceTree = "<group>";
		};
		6BB4154D2ACA9EC8000DA232 /* Rick&MortyUITests */ = {
			isa = PBXGroup;
			children = (
				6BB4154E2ACA9EC8000DA232 /* Rick_MortyUITests.swift */,
				6BB415502ACA9EC8000DA232 /* Rick_MortyUITestsLaunchTests.swift */,
			);
			path = "Rick&MortyUITests";
			sourceTree = "<group>";
		};
		6BB4155D2ACAA3D5000DA232 /* Main */ = {
			isa = PBXGroup;
			children = (
				6BB415732ACAB93E000DA232 /* MainListContract.swift */,
				6BB415712ACAB808000DA232 /* MainListBuilder.swift */,
				6BB4156F2ACAB7FB000DA232 /* MainListWireframe.swift */,
				6BB4156D2ACAB7C6000DA232 /* MainListInteractor.swift */,
				6BB4156B2ACAB7AF000DA232 /* MainListPresenter.swift */,
				6BB4155E2ACAA708000DA232 /* View */,
			);
			path = Main;
			sourceTree = "<group>";
		};
		6BB4155E2ACAA708000DA232 /* View */ = {
			isa = PBXGroup;
			children = (
				6BB415312ACA9EC5000DA232 /* MainListVC.swift */,
				6BB415332ACA9EC5000DA232 /* Main.storyboard */,
			);
			path = View;
			sourceTree = "<group>";
		};
		6BB4155F2ACAA7B9000DA232 /* Modules */ = {
			isa = PBXGroup;
			children = (
				6BB81F332ACAFBA400D45334 /* Detail */,
				6BB4155D2ACAA3D5000DA232 /* Main */,
			);
			path = Modules;
			sourceTree = "<group>";
		};
		6BB415602ACAA7C7000DA232 /* Resources */ = {
			isa = PBXGroup;
			children = (
				6BB81F432ACC21B600D45334 /* Views */,
				6BB415752ACAC580000DA232 /* Cells */,
				6BB415662ACAB308000DA232 /* Network */,
				6BB415362ACA9EC7000DA232 /* Assets.xcassets */,
				6BB415692ACAB3A6000DA232 /* Constant.swift */,
			);
			path = Resources;
			sourceTree = "<group>";
		};
		6BB415612ACAA7CE000DA232 /* Models */ = {
			isa = PBXGroup;
			children = (
				6BB415622ACAA7FA000DA232 /* CharacterModel.swift */,
				6BB415642ACAB26A000DA232 /* RequestModel.swift */,
				6BB81F482ACC4B8500D45334 /* FilterModel.swift */,
			);
			path = Models;
			sourceTree = "<group>";
		};
		6BB415662ACAB308000DA232 /* Network */ = {
			isa = PBXGroup;
			children = (
				6BB415672ACAB315000DA232 /* NetworkProvider.swift */,
			);
			path = Network;
			sourceTree = "<group>";
		};
		6BB415752ACAC580000DA232 /* Cells */ = {
			isa = PBXGroup;
			children = (
				6BB415762ACAC58F000DA232 /* MainListCell.swift */,
				6BB415782ACAC59C000DA232 /* MainListCell.xib */,
			);
			path = Cells;
			sourceTree = "<group>";
		};
		6BB81F332ACAFBA400D45334 /* Detail */ = {
			isa = PBXGroup;
			children = (
				6BB81F392ACB019B00D45334 /* DetailContract.swift */,
				6BB81F3B2ACB019B00D45334 /* DetailBuilder.swift */,
				6BB81F3C2ACB019B00D45334 /* DetailWireframe.swift */,
				6BB81F3A2ACB019B00D45334 /* DetailInteractor.swift */,
				6BB81F3D2ACB019B00D45334 /* DetailPresenter.swift */,
				6BB81F342ACAFBD100D45334 /* View */,
			);
			path = Detail;
			sourceTree = "<group>";
		};
		6BB81F342ACAFBD100D45334 /* View */ = {
			isa = PBXGroup;
			children = (
				6BB81F352ACAFC2D00D45334 /* DetailVC.swift */,
				6BB81F372ACAFC8300D45334 /* DetailVC.xib */,
			);
			path = View;
			sourceTree = "<group>";
		};
		6BB81F432ACC21B600D45334 /* Views */ = {
			isa = PBXGroup;
			children = (
				6BB81F442ACC21C800D45334 /* SearchView.swift */,
				6BB81F462ACC21D000D45334 /* SearchView.xib */,
			);
			path = Views;
			sourceTree = "<group>";
		};
/* End PBXGroup section */

/* Begin PBXNativeTarget section */
		6BB415292ACA9EC5000DA232 /* Rick&Morty */ = {
			isa = PBXNativeTarget;
			buildConfigurationList = 6BB415542ACA9EC8000DA232 /* Build configuration list for PBXNativeTarget "Rick&Morty" */;
			buildPhases = (
				6BB415262ACA9EC5000DA232 /* Sources */,
				6BB415272ACA9EC5000DA232 /* Frameworks */,
				6BB415282ACA9EC5000DA232 /* Resources */,
			);
			buildRules = (
			);
			dependencies = (
			);
			name = "Rick&Morty";
			productName = "Rick&Morty";
			productReference = 6BB4152A2ACA9EC5000DA232 /* Rick&Morty.app */;
			productType = "com.apple.product-type.application";
		};
		6BB4153F2ACA9EC8000DA232 /* Rick&MortyTests */ = {
			isa = PBXNativeTarget;
			buildConfigurationList = 6BB415572ACA9EC8000DA232 /* Build configuration list for PBXNativeTarget "Rick&MortyTests" */;
			buildPhases = (
				6BB4153C2ACA9EC8000DA232 /* Sources */,
				6BB4153D2ACA9EC8000DA232 /* Frameworks */,
				6BB4153E2ACA9EC8000DA232 /* Resources */,
			);
			buildRules = (
			);
			dependencies = (
				6BB415422ACA9EC8000DA232 /* PBXTargetDependency */,
			);
			name = "Rick&MortyTests";
			productName = "Rick&MortyTests";
			productReference = 6BB415402ACA9EC8000DA232 /* Rick&MortyTests.xctest */;
			productType = "com.apple.product-type.bundle.unit-test";
		};
		6BB415492ACA9EC8000DA232 /* Rick&MortyUITests */ = {
			isa = PBXNativeTarget;
			buildConfigurationList = 6BB4155A2ACA9EC8000DA232 /* Build configuration list for PBXNativeTarget "Rick&MortyUITests" */;
			buildPhases = (
				6BB415462ACA9EC8000DA232 /* Sources */,
				6BB415472ACA9EC8000DA232 /* Frameworks */,
				6BB415482ACA9EC8000DA232 /* Resources */,
			);
			buildRules = (
			);
			dependencies = (
				6BB4154C2ACA9EC8000DA232 /* PBXTargetDependency */,
			);
			name = "Rick&MortyUITests";
			productName = "Rick&MortyUITests";
			productReference = 6BB4154A2ACA9EC8000DA232 /* Rick&MortyUITests.xctest */;
			productType = "com.apple.product-type.bundle.ui-testing";
		};
/* End PBXNativeTarget section */

/* Begin PBXProject section */
		6BB415222ACA9EC4000DA232 /* Project object */ = {
			isa = PBXProject;
			attributes = {
				BuildIndependentTargetsInParallel = 1;
				LastSwiftUpdateCheck = 1430;
				LastUpgradeCheck = 1430;
				TargetAttributes = {
					6BB415292ACA9EC5000DA232 = {
						CreatedOnToolsVersion = 14.3.1;
					};
					6BB4153F2ACA9EC8000DA232 = {
						CreatedOnToolsVersion = 14.3.1;
						TestTargetID = 6BB415292ACA9EC5000DA232;
					};
					6BB415492ACA9EC8000DA232 = {
						CreatedOnToolsVersion = 14.3.1;
						TestTargetID = 6BB415292ACA9EC5000DA232;
					};
				};
			};
			buildConfigurationList = 6BB415252ACA9EC4000DA232 /* Build configuration list for PBXProject "Rick&Morty" */;
			compatibilityVersion = "Xcode 14.0";
			developmentRegion = en;
			hasScannedForEncodings = 0;
			knownRegions = (
				en,
				Base,
			);
			mainGroup = 6BB415212ACA9EC4000DA232;
			productRefGroup = 6BB4152B2ACA9EC5000DA232 /* Products */;
			projectDirPath = "";
			projectRoot = "";
			targets = (
				6BB415292ACA9EC5000DA232 /* Rick&Morty */,
				6BB4153F2ACA9EC8000DA232 /* Rick&MortyTests */,
				6BB415492ACA9EC8000DA232 /* Rick&MortyUITests */,
			);
		};
/* End PBXProject section */

/* Begin PBXResourcesBuildPhase section */
		6BB415282ACA9EC5000DA232 /* Resources */ = {
			isa = PBXResourcesBuildPhase;
			buildActionMask = 2147483647;
			files = (
				6BB4153A2ACA9EC7000DA232 /* LaunchScreen.storyboard in Resources */,
				6BB415372ACA9EC7000DA232 /* Assets.xcassets in Resources */,
				6BB81F472ACC21D000D45334 /* SearchView.xib in Resources */,
				6BB415792ACAC59C000DA232 /* MainListCell.xib in Resources */,
				6BB415352ACA9EC5000DA232 /* Main.storyboard in Resources */,
				6BB81F382ACAFC8300D45334 /* DetailVC.xib in Resources */,
			);
			runOnlyForDeploymentPostprocessing = 0;
		};
		6BB4153E2ACA9EC8000DA232 /* Resources */ = {
			isa = PBXResourcesBuildPhase;
			buildActionMask = 2147483647;
			files = (
			);
			runOnlyForDeploymentPostprocessing = 0;
		};
		6BB415482ACA9EC8000DA232 /* Resources */ = {
			isa = PBXResourcesBuildPhase;
			buildActionMask = 2147483647;
			files = (
			);
			runOnlyForDeploymentPostprocessing = 0;
		};
/* End PBXResourcesBuildPhase section */

/* Begin PBXSourcesBuildPhase section */
		6BB415262ACA9EC5000DA232 /* Sources */ = {
			isa = PBXSourcesBuildPhase;
			buildActionMask = 2147483647;
			files = (
				6BB81F452ACC21C800D45334 /* SearchView.swift in Sources */,
				6BB81F3E2ACB019B00D45334 /* DetailContract.swift in Sources */,
				6BB4156A2ACAB3A6000DA232 /* Constant.swift in Sources */,
				6BB415722ACAB808000DA232 /* MainListBuilder.swift in Sources */,
				6BB415702ACAB7FB000DA232 /* MainListWireframe.swift in Sources */,
				6BB415772ACAC58F000DA232 /* MainListCell.swift in Sources */,
				6BB81F492ACC4B8500D45334 /* FilterModel.swift in Sources */,
				6BB415652ACAB26A000DA232 /* RequestModel.swift in Sources */,
				6BB415322ACA9EC5000DA232 /* MainListVC.swift in Sources */,
				6BB4156E2ACAB7C6000DA232 /* MainListInteractor.swift in Sources */,
				6BB4156C2ACAB7AF000DA232 /* MainListPresenter.swift in Sources */,
				6BB415632ACAA7FA000DA232 /* CharacterModel.swift in Sources */,
				6BB81F422ACB019B00D45334 /* DetailPresenter.swift in Sources */,
				6BB415742ACAB93E000DA232 /* MainListContract.swift in Sources */,
				6BB4152E2ACA9EC5000DA232 /* AppDelegate.swift in Sources */,
				6BB415302ACA9EC5000DA232 /* SceneDelegate.swift in Sources */,
				6BB415682ACAB316000DA232 /* NetworkProvider.swift in Sources */,
				6BB81F402ACB019B00D45334 /* DetailBuilder.swift in Sources */,
				6BB81F412ACB019B00D45334 /* DetailWireframe.swift in Sources */,
				6BB81F362ACAFC2D00D45334 /* DetailVC.swift in Sources */,
				6BB81F3F2ACB019B00D45334 /* DetailInteractor.swift in Sources */,
			);
			runOnlyForDeploymentPostprocessing = 0;
		};
		6BB4153C2ACA9EC8000DA232 /* Sources */ = {
			isa = PBXSourcesBuildPhase;
			buildActionMask = 2147483647;
			files = (
				6BB81F4E2ACD681000D45334 /* MainInteractorTest.swift in Sources */,
				6BB81F4B2ACD67F100D45334 /* PresenterTest.swift in Sources */,
				6BB81F502ACD681D00D45334 /* FavoritestTest.swift in Sources */,
				6BB415452ACA9EC8000DA232 /* Rick_MortyTests.swift in Sources */,
			);
			runOnlyForDeploymentPostprocessing = 0;
		};
		6BB415462ACA9EC8000DA232 /* Sources */ = {
			isa = PBXSourcesBuildPhase;
			buildActionMask = 2147483647;
			files = (
				6BB4154F2ACA9EC8000DA232 /* Rick_MortyUITests.swift in Sources */,
				6BB415512ACA9EC8000DA232 /* Rick_MortyUITestsLaunchTests.swift in Sources */,
			);
			runOnlyForDeploymentPostprocessing = 0;
		};
/* End PBXSourcesBuildPhase section */

/* Begin PBXTargetDependency section */
		6BB415422ACA9EC8000DA232 /* PBXTargetDependency */ = {
			isa = PBXTargetDependency;
			target = 6BB415292ACA9EC5000DA232 /* Rick&Morty */;
			targetProxy = 6BB415412ACA9EC8000DA232 /* PBXContainerItemProxy */;
		};
		6BB4154C2ACA9EC8000DA232 /* PBXTargetDependency */ = {
			isa = PBXTargetDependency;
			target = 6BB415292ACA9EC5000DA232 /* Rick&Morty */;
			targetProxy = 6BB4154B2ACA9EC8000DA232 /* PBXContainerItemProxy */;
		};
/* End PBXTargetDependency section */

/* Begin PBXVariantGroup section */
		6BB415332ACA9EC5000DA232 /* Main.storyboard */ = {
			isa = PBXVariantGroup;
			children = (
				6BB415342ACA9EC5000DA232 /* Base */,
			);
			name = Main.storyboard;
			sourceTree = "<group>";
		};
		6BB415382ACA9EC7000DA232 /* LaunchScreen.storyboard */ = {
			isa = PBXVariantGroup;
			children = (
				6BB415392ACA9EC7000DA232 /* Base */,
			);
			name = LaunchScreen.storyboard;
			sourceTree = "<group>";
		};
/* End PBXVariantGroup section */

/* Begin XCBuildConfiguration section */
		6BB415522ACA9EC8000DA232 /* Debug */ = {
			isa = XCBuildConfiguration;
			buildSettings = {
				ALWAYS_SEARCH_USER_PATHS = NO;
				CLANG_ANALYZER_NONNULL = YES;
				CLANG_ANALYZER_NUMBER_OBJECT_CONVERSION = YES_AGGRESSIVE;
				CLANG_CXX_LANGUAGE_STANDARD = "gnu++20";
				CLANG_ENABLE_MODULES = YES;
				CLANG_ENABLE_OBJC_ARC = YES;
				CLANG_ENABLE_OBJC_WEAK = YES;
				CLANG_WARN_BLOCK_CAPTURE_AUTORELEASING = YES;
				CLANG_WARN_BOOL_CONVERSION = YES;
				CLANG_WARN_COMMA = YES;
				CLANG_WARN_CONSTANT_CONVERSION = YES;
				CLANG_WARN_DEPRECATED_OBJC_IMPLEMENTATIONS = YES;
				CLANG_WARN_DIRECT_OBJC_ISA_USAGE = YES_ERROR;
				CLANG_WARN_DOCUMENTATION_COMMENTS = YES;
				CLANG_WARN_EMPTY_BODY = YES;
				CLANG_WARN_ENUM_CONVERSION = YES;
				CLANG_WARN_INFINITE_RECURSION = YES;
				CLANG_WARN_INT_CONVERSION = YES;
				CLANG_WARN_NON_LITERAL_NULL_CONVERSION = YES;
				CLANG_WARN_OBJC_IMPLICIT_RETAIN_SELF = YES;
				CLANG_WARN_OBJC_LITERAL_CONVERSION = YES;
				CLANG_WARN_OBJC_ROOT_CLASS = YES_ERROR;
				CLANG_WARN_QUOTED_INCLUDE_IN_FRAMEWORK_HEADER = YES;
				CLANG_WARN_RANGE_LOOP_ANALYSIS = YES;
				CLANG_WARN_STRICT_PROTOTYPES = YES;
				CLANG_WARN_SUSPICIOUS_MOVE = YES;
				CLANG_WARN_UNGUARDED_AVAILABILITY = YES_AGGRESSIVE;
				CLANG_WARN_UNREACHABLE_CODE = YES;
				CLANG_WARN__DUPLICATE_METHOD_MATCH = YES;
				COPY_PHASE_STRIP = NO;
				DEBUG_INFORMATION_FORMAT = dwarf;
				ENABLE_STRICT_OBJC_MSGSEND = YES;
				ENABLE_TESTABILITY = YES;
				GCC_C_LANGUAGE_STANDARD = gnu11;
				GCC_DYNAMIC_NO_PIC = NO;
				GCC_NO_COMMON_BLOCKS = YES;
				GCC_OPTIMIZATION_LEVEL = 0;
				GCC_PREPROCESSOR_DEFINITIONS = (
					"DEBUG=1",
					"$(inherited)",
				);
				GCC_WARN_64_TO_32_BIT_CONVERSION = YES;
				GCC_WARN_ABOUT_RETURN_TYPE = YES_ERROR;
				GCC_WARN_UNDECLARED_SELECTOR = YES;
				GCC_WARN_UNINITIALIZED_AUTOS = YES_AGGRESSIVE;
				GCC_WARN_UNUSED_FUNCTION = YES;
				GCC_WARN_UNUSED_VARIABLE = YES;
				IPHONEOS_DEPLOYMENT_TARGET = 16.4;
				MTL_ENABLE_DEBUG_INFO = INCLUDE_SOURCE;
				MTL_FAST_MATH = YES;
				ONLY_ACTIVE_ARCH = YES;
				SDKROOT = iphoneos;
				SWIFT_ACTIVE_COMPILATION_CONDITIONS = DEBUG;
				SWIFT_OPTIMIZATION_LEVEL = "-Onone";
			};
			name = Debug;
		};
		6BB415532ACA9EC8000DA232 /* Release */ = {
			isa = XCBuildConfiguration;
			buildSettings = {
				ALWAYS_SEARCH_USER_PATHS = NO;
				CLANG_ANALYZER_NONNULL = YES;
				CLANG_ANALYZER_NUMBER_OBJECT_CONVERSION = YES_AGGRESSIVE;
				CLANG_CXX_LANGUAGE_STANDARD = "gnu++20";
				CLANG_ENABLE_MODULES = YES;
				CLANG_ENABLE_OBJC_ARC = YES;
				CLANG_ENABLE_OBJC_WEAK = YES;
				CLANG_WARN_BLOCK_CAPTURE_AUTORELEASING = YES;
				CLANG_WARN_BOOL_CONVERSION = YES;
				CLANG_WARN_COMMA = YES;
				CLANG_WARN_CONSTANT_CONVERSION = YES;
				CLANG_WARN_DEPRECATED_OBJC_IMPLEMENTATIONS = YES;
				CLANG_WARN_DIRECT_OBJC_ISA_USAGE = YES_ERROR;
				CLANG_WARN_DOCUMENTATION_COMMENTS = YES;
				CLANG_WARN_EMPTY_BODY = YES;
				CLANG_WARN_ENUM_CONVERSION = YES;
				CLANG_WARN_INFINITE_RECURSION = YES;
				CLANG_WARN_INT_CONVERSION = YES;
				CLANG_WARN_NON_LITERAL_NULL_CONVERSION = YES;
				CLANG_WARN_OBJC_IMPLICIT_RETAIN_SELF = YES;
				CLANG_WARN_OBJC_LITERAL_CONVERSION = YES;
				CLANG_WARN_OBJC_ROOT_CLASS = YES_ERROR;
				CLANG_WARN_QUOTED_INCLUDE_IN_FRAMEWORK_HEADER = YES;
				CLANG_WARN_RANGE_LOOP_ANALYSIS = YES;
				CLANG_WARN_STRICT_PROTOTYPES = YES;
				CLANG_WARN_SUSPICIOUS_MOVE = YES;
				CLANG_WARN_UNGUARDED_AVAILABILITY = YES_AGGRESSIVE;
				CLANG_WARN_UNREACHABLE_CODE = YES;
				CLANG_WARN__DUPLICATE_METHOD_MATCH = YES;
				COPY_PHASE_STRIP = NO;
				DEBUG_INFORMATION_FORMAT = "dwarf-with-dsym";
				ENABLE_NS_ASSERTIONS = NO;
				ENABLE_STRICT_OBJC_MSGSEND = YES;
				GCC_C_LANGUAGE_STANDARD = gnu11;
				GCC_NO_COMMON_BLOCKS = YES;
				GCC_WARN_64_TO_32_BIT_CONVERSION = YES;
				GCC_WARN_ABOUT_RETURN_TYPE = YES_ERROR;
				GCC_WARN_UNDECLARED_SELECTOR = YES;
				GCC_WARN_UNINITIALIZED_AUTOS = YES_AGGRESSIVE;
				GCC_WARN_UNUSED_FUNCTION = YES;
				GCC_WARN_UNUSED_VARIABLE = YES;
				IPHONEOS_DEPLOYMENT_TARGET = 16.4;
				MTL_ENABLE_DEBUG_INFO = NO;
				MTL_FAST_MATH = YES;
				SDKROOT = iphoneos;
				SWIFT_COMPILATION_MODE = wholemodule;
				SWIFT_OPTIMIZATION_LEVEL = "-O";
				VALIDATE_PRODUCT = YES;
			};
			name = Release;
		};
		6BB415552ACA9EC8000DA232 /* Debug */ = {
			isa = XCBuildConfiguration;
			buildSettings = {
				ASSETCATALOG_COMPILER_APPICON_NAME = AppIcon;
				ASSETCATALOG_COMPILER_GLOBAL_ACCENT_COLOR_NAME = AccentColor;
				CODE_SIGN_STYLE = Automatic;
				CURRENT_PROJECT_VERSION = 1;
				DEVELOPMENT_TEAM = 3VTU8LVH5W;
				GENERATE_INFOPLIST_FILE = YES;
				INFOPLIST_FILE = "Rick&Morty/Info.plist";
				INFOPLIST_KEY_UIApplicationSupportsIndirectInputEvents = YES;
				INFOPLIST_KEY_UILaunchStoryboardName = LaunchScreen;
				INFOPLIST_KEY_UIMainStoryboardFile = Main;
				INFOPLIST_KEY_UISupportedInterfaceOrientations = UIInterfaceOrientationPortrait;
				LD_RUNPATH_SEARCH_PATHS = (
					"$(inherited)",
					"@executable_path/Frameworks",
				);
				MARKETING_VERSION = 1.0;
				PRODUCT_BUNDLE_IDENTIFIER = "knowmadmood.Rick-Morty";
				PRODUCT_NAME = "$(TARGET_NAME)";
				SWIFT_EMIT_LOC_STRINGS = YES;
				SWIFT_VERSION = 5.0;
				TARGETED_DEVICE_FAMILY = "1,2";
			};
			name = Debug;
		};
		6BB415562ACA9EC8000DA232 /* Release */ = {
			isa = XCBuildConfiguration;
			buildSettings = {
				ASSETCATALOG_COMPILER_APPICON_NAME = AppIcon;
				ASSETCATALOG_COMPILER_GLOBAL_ACCENT_COLOR_NAME = AccentColor;
				CODE_SIGN_STYLE = Automatic;
				CURRENT_PROJECT_VERSION = 1;
				DEVELOPMENT_TEAM = 3VTU8LVH5W;
				GENERATE_INFOPLIST_FILE = YES;
				INFOPLIST_FILE = "Rick&Morty/Info.plist";
				INFOPLIST_KEY_UIApplicationSupportsIndirectInputEvents = YES;
				INFOPLIST_KEY_UILaunchStoryboardName = LaunchScreen;
				INFOPLIST_KEY_UIMainStoryboardFile = Main;
				INFOPLIST_KEY_UISupportedInterfaceOrientations = UIInterfaceOrientationPortrait;
				LD_RUNPATH_SEARCH_PATHS = (
					"$(inherited)",
					"@executable_path/Frameworks",
				);
				MARKETING_VERSION = 1.0;
				PRODUCT_BUNDLE_IDENTIFIER = "knowmadmood.Rick-Morty";
				PRODUCT_NAME = "$(TARGET_NAME)";
				SWIFT_EMIT_LOC_STRINGS = YES;
				SWIFT_VERSION = 5.0;
				TARGETED_DEVICE_FAMILY = "1,2";
			};
			name = Release;
		};
		6BB415582ACA9EC8000DA232 /* Debug */ = {
			isa = XCBuildConfiguration;
			buildSettings = {
				ALWAYS_EMBED_SWIFT_STANDARD_LIBRARIES = YES;
				BUNDLE_LOADER = "$(TEST_HOST)";
				CODE_SIGN_STYLE = Automatic;
				CURRENT_PROJECT_VERSION = 1;
				DEVELOPMENT_TEAM = 3VTU8LVH5W;
				GENERATE_INFOPLIST_FILE = YES;
				IPHONEOS_DEPLOYMENT_TARGET = 16.4;
				MARKETING_VERSION = 1.0;
				PRODUCT_BUNDLE_IDENTIFIER = "knowmadmood.Rick-MortyTests";
				PRODUCT_NAME = "$(TARGET_NAME)";
				SWIFT_EMIT_LOC_STRINGS = NO;
				SWIFT_VERSION = 5.0;
				TARGETED_DEVICE_FAMILY = "1,2";
				TEST_HOST = "$(BUILT_PRODUCTS_DIR)/Rick&Morty.app/$(BUNDLE_EXECUTABLE_FOLDER_PATH)/Rick&Morty";
			};
			name = Debug;
		};
		6BB415592ACA9EC8000DA232 /* Release */ = {
			isa = XCBuildConfiguration;
			buildSettings = {
				ALWAYS_EMBED_SWIFT_STANDARD_LIBRARIES = YES;
				BUNDLE_LOADER = "$(TEST_HOST)";
				CODE_SIGN_STYLE = Automatic;
				CURRENT_PROJECT_VERSION = 1;
				DEVELOPMENT_TEAM = 3VTU8LVH5W;
				GENERATE_INFOPLIST_FILE = YES;
				IPHONEOS_DEPLOYMENT_TARGET = 16.4;
				MARKETING_VERSION = 1.0;
				PRODUCT_BUNDLE_IDENTIFIER = "knowmadmood.Rick-MortyTests";
				PRODUCT_NAME = "$(TARGET_NAME)";
				SWIFT_EMIT_LOC_STRINGS = NO;
				SWIFT_VERSION = 5.0;
				TARGETED_DEVICE_FAMILY = "1,2";
				TEST_HOST = "$(BUILT_PRODUCTS_DIR)/Rick&Morty.app/$(BUNDLE_EXECUTABLE_FOLDER_PATH)/Rick&Morty";
			};
			name = Release;
		};
		6BB4155B2ACA9EC8000DA232 /* Debug */ = {
			isa = XCBuildConfiguration;
			buildSettings = {
				ALWAYS_EMBED_SWIFT_STANDARD_LIBRARIES = YES;
				CODE_SIGN_STYLE = Automatic;
				CURRENT_PROJECT_VERSION = 1;
				DEVELOPMENT_TEAM = 3VTU8LVH5W;
				GENERATE_INFOPLIST_FILE = YES;
				MARKETING_VERSION = 1.0;
				PRODUCT_BUNDLE_IDENTIFIER = "knowmadmood.Rick-MortyUITests";
				PRODUCT_NAME = "$(TARGET_NAME)";
				SWIFT_EMIT_LOC_STRINGS = NO;
				SWIFT_VERSION = 5.0;
				TARGETED_DEVICE_FAMILY = "1,2";
				TEST_TARGET_NAME = "Rick&Morty";
			};
			name = Debug;
		};
		6BB4155C2ACA9EC8000DA232 /* Release */ = {
			isa = XCBuildConfiguration;
			buildSettings = {
				ALWAYS_EMBED_SWIFT_STANDARD_LIBRARIES = YES;
				CODE_SIGN_STYLE = Automatic;
				CURRENT_PROJECT_VERSION = 1;
				DEVELOPMENT_TEAM = 3VTU8LVH5W;
				GENERATE_INFOPLIST_FILE = YES;
				MARKETING_VERSION = 1.0;
				PRODUCT_BUNDLE_IDENTIFIER = "knowmadmood.Rick-MortyUITests";
				PRODUCT_NAME = "$(TARGET_NAME)";
				SWIFT_EMIT_LOC_STRINGS = NO;
				SWIFT_VERSION = 5.0;
				TARGETED_DEVICE_FAMILY = "1,2";
				TEST_TARGET_NAME = "Rick&Morty";
			};
			name = Release;
		};
/* End XCBuildConfiguration section */

/* Begin XCConfigurationList section */
		6BB415252ACA9EC4000DA232 /* Build configuration list for PBXProject "Rick&Morty" */ = {
			isa = XCConfigurationList;
			buildConfigurations = (
				6BB415522ACA9EC8000DA232 /* Debug */,
				6BB415532ACA9EC8000DA232 /* Release */,
			);
			defaultConfigurationIsVisible = 0;
			defaultConfigurationName = Release;
		};
		6BB415542ACA9EC8000DA232 /* Build configuration list for PBXNativeTarget "Rick&Morty" */ = {
			isa = XCConfigurationList;
			buildConfigurations = (
				6BB415552ACA9EC8000DA232 /* Debug */,
				6BB415562ACA9EC8000DA232 /* Release */,
			);
			defaultConfigurationIsVisible = 0;
			defaultConfigurationName = Release;
		};
		6BB415572ACA9EC8000DA232 /* Build configuration list for PBXNativeTarget "Rick&MortyTests" */ = {
			isa = XCConfigurationList;
			buildConfigurations = (
				6BB415582ACA9EC8000DA232 /* Debug */,
				6BB415592ACA9EC8000DA232 /* Release */,
			);
			defaultConfigurationIsVisible = 0;
			defaultConfigurationName = Release;
		};
		6BB4155A2ACA9EC8000DA232 /* Build configuration list for PBXNativeTarget "Rick&MortyUITests" */ = {
			isa = XCConfigurationList;
			buildConfigurations = (
				6BB4155B2ACA9EC8000DA232 /* Debug */,
				6BB4155C2ACA9EC8000DA232 /* Release */,
			);
			defaultConfigurationIsVisible = 0;
			defaultConfigurationName = Release;
		};
/* End XCConfigurationList section */
	};
	rootObject = 6BB415222ACA9EC4000DA232 /* Project object */;
}
